
Microsoft Visual Studio Solution File, Format Version 12.00
# Visual Studio Version 16
VisualStudioVersion = 16.0.31321.278
MinimumVisualStudioVersion = 10.0.40219.1
Project("{FAE04EC0-301F-11D3-BF4B-00C04F79EFBC}") = "T03_01_variables", "T03_01_variables.csproj", "{F2C4921F-C160-4847-8157-3224E2ECF968}"
EndProject
Global
	GlobalSection(SolutionConfigurationPlatforms) = preSolution
		Debug|Any CPU = Debug|Any CPU
		Release|Any CPU = Release|Any CPU
	EndGlobalSection
	GlobalSection(ProjectConfigurationPlatforms) = postSolution
		{F2C4921F-C160-4847-8157-3224E2ECF968}.Debug|Any CPU.ActiveCfg = Debug|Any CPU
		{F2C4921F-C160-4847-8157-3224E2ECF968}.Debug|Any CPU.Build.0 = Debug|Any CPU
		{F2C4921F-C160-4847-8157-3224E2ECF968}.Release|Any CPU.ActiveCfg = Release|Any CPU
		{F2C4921F-C160-4847-8157-3224E2ECF968}.Release|Any CPU.Build.0 = Release|Any CPU
	EndGlobalSection
	GlobalSection(SolutionProperties) = preSolution
		HideSolutionNode = FALSE
	EndGlobalSection
	GlobalSection(ExtensibilityGlobals) = postSolution
		SolutionGuid = {134FB973-297A-4B23-A452-B8E7F08D0A7A}
	EndGlobalSection
EndGlobal
